
Microsoft Visual Studio Solution File, Format Version 12.00
# Visual Studio Version 16
VisualStudioVersion = 16.0.31005.135
MinimumVisualStudioVersion = 10.0.40219.1
Project("{9A19103F-16F7-4668-BE54-9A1E7A4F7556}") = "SW01", "SW01\SW01.csproj", "{043D9B15-16E3-45B1-BEE5-DEB77136D666}"
EndProject
Project("{9A19103F-16F7-4668-BE54-9A1E7A4F7556}") = "SW01.Adder", "SW01.Adder\SW01.Adder.csproj", "{87D328D3-747C-4D99-B1AF-5DF233EC4928}"
EndProject
Project("{9A19103F-16F7-4668-BE54-9A1E7A4F7556}") = "SW02.GC", "SW02.GC\SW02.GC.csproj", "{8BB71784-3DB6-4F39-9B18-00F7B1C9FFA8}"
EndProject
Project("{9A19103F-16F7-4668-BE54-9A1E7A4F7556}") = "SW03.DefaultParameterDemo", "SW03.DefaultParameterDemo\SW03.DefaultParameterDemo.csproj", "{5CA3C6BC-F118-464B-AE87-B94E460380DB}"
EndProject
Project("{9A19103F-16F7-4668-BE54-9A1E7A4F7556}") = "SW04.SysEnvDemo", "SW04.SysEnvDemo\SW04.SysEnvDemo.csproj", "{2C417CCB-735A-4718-920E-B170AEBA5A6C}"
EndProject
Project("{9A19103F-16F7-4668-BE54-9A1E7A4F7556}") = "SW06.Languages", "SW06.Languages\SW06.Languages.csproj", "{08F6CF6B-8640-4464-A1F3-FC570A0FFCEF}"
EndProject
Project("{9A19103F-16F7-4668-BE54-9A1E7A4F7556}") = "SW06.NetCoreRaspberry", "SW06.NetCoreRaspberry\SW06.NetCoreRaspberry.csproj", "{B3EF70CC-3C93-4BE3-8BB1-3B9FD8C6B852}"
EndProject
Project("{9A19103F-16F7-4668-BE54-9A1E7A4F7556}") = "SW06.LedRaspberry", "SW06.LedRaspberry\SW06.LedRaspberry.csproj", "{64CEEF9B-9EFC-4C9C-9F2A-1AC624024865}"
EndProject
Project("{9A19103F-16F7-4668-BE54-9A1E7A4F7556}") = "Utils", "Utils\Utils.csproj", "{3893BCF0-B205-4DB2-92E5-129EBFFA71CA}"
EndProject
Project("{9A19103F-16F7-4668-BE54-9A1E7A4F7556}") = "SW07.RaspberryService", "SW07.RaspberryService\SW07.RaspberryService.csproj", "{ADC3DBC0-ECED-4771-A9A9-68D2681A20F5}"
EndProject
Project("{9A19103F-16F7-4668-BE54-9A1E7A4F7556}") = "SW07.GpioDemo", "SW07.GPIO\SW07.GpioDemo.csproj", "{B8CC3B57-8394-4992-8A52-FC064A23CE4B}"
EndProject
Project("{9A19103F-16F7-4668-BE54-9A1E7A4F7556}") = "SW08.AbstractShape", "..\..\..\Users\jonas\OneDrive\HSLU\Semester4\APROG\Beispiele\SW08\SW08_AbstractShape\SW08.AbstractShape.csproj", "{0319F149-A0EE-46C2-9D18-0BE6F6AE0784}"
EndProject
Project("{9A19103F-16F7-4668-BE54-9A1E7A4F7556}") = "SW09.Networking", "SW09.Networking\SW09.Networking.csproj", "{97752A33-FA97-4A19-AC7A-5EBE4C7CC622}"
EndProject
Project("{9A19103F-16F7-4668-BE54-9A1E7A4F7556}") = "SW10.Events", "SW10.Events\SW10.Events.csproj", "{301C48FC-8B28-4590-BE56-AF780D0676E3}"
EndProject
Project("{9A19103F-16F7-4668-BE54-9A1E7A4F7556}") = "SW10.Threading", "SW10.Threading\SW10.Threading.csproj", "{747334F1-F35B-4625-A130-B1D4D61AE580}"
EndProject
Project("{9A19103F-16F7-4668-BE54-9A1E7A4F7556}") = "SW10.ThreadSyncProblem", "..\..\..\Users\jonas\Downloads\SW10-ThreadSyncProblem\SW10.ThreadSyncProblem.csproj", "{45C18E9F-BC3E-4DE8-8D58-0E1AC655350A}"
EndProject
Project("{9A19103F-16F7-4668-BE54-9A1E7A4F7556}") = "SW10.Deadlock", "..\..\..\Users\jonas\Downloads\SW10-Deadlock\SW10.Deadlock.csproj", "{26566590-EC0E-4362-BD1E-A81A574AD278}"
EndProject
Project("{9A19103F-16F7-4668-BE54-9A1E7A4F7556}") = "SW10.ThreadServerUebung", "..\..\..\Users\jonas\Downloads\SW10-ThreadServerUebung\SW10.ThreadServerUebung.csproj", "{CD5042EC-7559-46A4-AE7F-AD56D1D09F8E}"
EndProject
Project("{9A19103F-16F7-4668-BE54-9A1E7A4F7556}") = "SW12.RaspyConsoleTest", "SW12.RaspyConsoleTest\SW12.RaspyConsoleTest.csproj", "{1CC159EE-5437-4D9C-A94D-B680E8F4E9EA}"
EndProject
Project("{9A19103F-16F7-4668-BE54-9A1E7A4F7556}") = "SW11.ChatClient", "SW11.ChatClient\SW11.ChatClient.csproj", "{F64A3D06-49A6-460D-8C9C-5F4DE07EB0C2}"
EndProject
Project("{9A19103F-16F7-4668-BE54-9A1E7A4F7556}") = "SW11.ChatClientLib", "SW11.ChatClientLib\SW11.ChatClientLib.csproj", "{9B2D18B2-B885-4C64-BDF3-1FA9351D8C56}"
EndProject
Project("{9A19103F-16F7-4668-BE54-9A1E7A4F7556}") = "SW13.MqttClient", "SW13.MqttClient\SW13.MqttClient.csproj", "{5F668D05-6048-4F82-AC22-3305F944AAB4}"
EndProject
Project("{9A19103F-16F7-4668-BE54-9A1E7A4F7556}") = "SW13.I2C", "SW13.I2C\SW13.I2C.csproj", "{80B5B137-F47D-4B6F-9370-0B71F8E5F664}"
EndProject
Project("{2150E333-8FDC-42A3-9474-1A3956D46DE8}") = "SW13.SmartIoT", "SW13.SmartIoT", "{7077B184-A190-440B-A71B-D3907C2FA5AF}"
EndProject
Project("{9A19103F-16F7-4668-BE54-9A1E7A4F7556}") = "IoT-Service", "SW13.SmartIoT\IoT-Service\IoT-Service.csproj", "{3518CD3F-FA19-4E3B-BC1C-6C915A48084F}"
EndProject
Project("{9A19103F-16F7-4668-BE54-9A1E7A4F7556}") = "IoT-Common", "SW13.SmartIoT\IoT-Common\IoT-Common.csproj", "{087B2696-3EE9-4BB8-8726-AA65CD7DA435}"
EndProject
Project("{9A19103F-16F7-4668-BE54-9A1E7A4F7556}") = "SmartClientUI", "SW13.SmartIoT\SmartClientUI\SmartClientUI.csproj", "{B0C83FAA-51F1-4508-BF19-45A68816346D}"
EndProject
Project("{9A19103F-16F7-4668-BE54-9A1E7A4F7556}") = "IoT-SmartClient", "SW13.SmartIoT\IoT-SmartClient\IoT-SmartClient.csproj", "{12FBE783-1CCF-4132-BCE5-A60268D4BFE0}"
EndProject
Global
	GlobalSection(SolutionConfigurationPlatforms) = preSolution
		Debug|Any CPU = Debug|Any CPU
		Release|Any CPU = Release|Any CPU
	EndGlobalSection
	GlobalSection(ProjectConfigurationPlatforms) = postSolution
		{043D9B15-16E3-45B1-BEE5-DEB77136D666}.Debug|Any CPU.ActiveCfg = Debug|Any CPU
		{043D9B15-16E3-45B1-BEE5-DEB77136D666}.Debug|Any CPU.Build.0 = Debug|Any CPU
		{043D9B15-16E3-45B1-BEE5-DEB77136D666}.Release|Any CPU.ActiveCfg = Release|Any CPU
		{043D9B15-16E3-45B1-BEE5-DEB77136D666}.Release|Any CPU.Build.0 = Release|Any CPU
		{87D328D3-747C-4D99-B1AF-5DF233EC4928}.Debug|Any CPU.ActiveCfg = Debug|Any CPU
		{87D328D3-747C-4D99-B1AF-5DF233EC4928}.Debug|Any CPU.Build.0 = Debug|Any CPU
		{87D328D3-747C-4D99-B1AF-5DF233EC4928}.Release|Any CPU.ActiveCfg = Release|Any CPU
		{87D328D3-747C-4D99-B1AF-5DF233EC4928}.Release|Any CPU.Build.0 = Release|Any CPU
		{8BB71784-3DB6-4F39-9B18-00F7B1C9FFA8}.Debug|Any CPU.ActiveCfg = Debug|Any CPU
		{8BB71784-3DB6-4F39-9B18-00F7B1C9FFA8}.Debug|Any CPU.Build.0 = Debug|Any CPU
		{8BB71784-3DB6-4F39-9B18-00F7B1C9FFA8}.Release|Any CPU.ActiveCfg = Release|Any CPU
		{8BB71784-3DB6-4F39-9B18-00F7B1C9FFA8}.Release|Any CPU.Build.0 = Release|Any CPU
		{5CA3C6BC-F118-464B-AE87-B94E460380DB}.Debug|Any CPU.ActiveCfg = Debug|Any CPU
		{5CA3C6BC-F118-464B-AE87-B94E460380DB}.Debug|Any CPU.Build.0 = Debug|Any CPU
		{5CA3C6BC-F118-464B-AE87-B94E460380DB}.Release|Any CPU.ActiveCfg = Release|Any CPU
		{5CA3C6BC-F118-464B-AE87-B94E460380DB}.Release|Any CPU.Build.0 = Release|Any CPU
		{2C417CCB-735A-4718-920E-B170AEBA5A6C}.Debug|Any CPU.ActiveCfg = Debug|Any CPU
		{2C417CCB-735A-4718-920E-B170AEBA5A6C}.Debug|Any CPU.Build.0 = Debug|Any CPU
		{2C417CCB-735A-4718-920E-B170AEBA5A6C}.Release|Any CPU.ActiveCfg = Release|Any CPU
		{2C417CCB-735A-4718-920E-B170AEBA5A6C}.Release|Any CPU.Build.0 = Release|Any CPU
		{08F6CF6B-8640-4464-A1F3-FC570A0FFCEF}.Debug|Any CPU.ActiveCfg = Debug|Any CPU
		{08F6CF6B-8640-4464-A1F3-FC570A0FFCEF}.Debug|Any CPU.Build.0 = Debug|Any CPU
		{08F6CF6B-8640-4464-A1F3-FC570A0FFCEF}.Release|Any CPU.ActiveCfg = Release|Any CPU
		{08F6CF6B-8640-4464-A1F3-FC570A0FFCEF}.Release|Any CPU.Build.0 = Release|Any CPU
		{B3EF70CC-3C93-4BE3-8BB1-3B9FD8C6B852}.Debug|Any CPU.ActiveCfg = Debug|Any CPU
		{B3EF70CC-3C93-4BE3-8BB1-3B9FD8C6B852}.Debug|Any CPU.Build.0 = Debug|Any CPU
		{B3EF70CC-3C93-4BE3-8BB1-3B9FD8C6B852}.Release|Any CPU.ActiveCfg = Release|Any CPU
		{B3EF70CC-3C93-4BE3-8BB1-3B9FD8C6B852}.Release|Any CPU.Build.0 = Release|Any CPU
		{64CEEF9B-9EFC-4C9C-9F2A-1AC624024865}.Debug|Any CPU.ActiveCfg = Debug|Any CPU
		{64CEEF9B-9EFC-4C9C-9F2A-1AC624024865}.Debug|Any CPU.Build.0 = Debug|Any CPU
		{64CEEF9B-9EFC-4C9C-9F2A-1AC624024865}.Release|Any CPU.ActiveCfg = Release|Any CPU
		{64CEEF9B-9EFC-4C9C-9F2A-1AC624024865}.Release|Any CPU.Build.0 = Release|Any CPU
		{3893BCF0-B205-4DB2-92E5-129EBFFA71CA}.Debug|Any CPU.ActiveCfg = Debug|Any CPU
		{3893BCF0-B205-4DB2-92E5-129EBFFA71CA}.Debug|Any CPU.Build.0 = Debug|Any CPU
		{3893BCF0-B205-4DB2-92E5-129EBFFA71CA}.Release|Any CPU.ActiveCfg = Release|Any CPU
		{3893BCF0-B205-4DB2-92E5-129EBFFA71CA}.Release|Any CPU.Build.0 = Release|Any CPU
		{ADC3DBC0-ECED-4771-A9A9-68D2681A20F5}.Debug|Any CPU.ActiveCfg = Debug|Any CPU
		{ADC3DBC0-ECED-4771-A9A9-68D2681A20F5}.Debug|Any CPU.Build.0 = Debug|Any CPU
		{ADC3DBC0-ECED-4771-A9A9-68D2681A20F5}.Release|Any CPU.ActiveCfg = Release|Any CPU
		{ADC3DBC0-ECED-4771-A9A9-68D2681A20F5}.Release|Any CPU.Build.0 = Release|Any CPU
		{B8CC3B57-8394-4992-8A52-FC064A23CE4B}.Debug|Any CPU.ActiveCfg = Debug|Any CPU
		{B8CC3B57-8394-4992-8A52-FC064A23CE4B}.Debug|Any CPU.Build.0 = Debug|Any CPU
		{B8CC3B57-8394-4992-8A52-FC064A23CE4B}.Release|Any CPU.ActiveCfg = Release|Any CPU
		{B8CC3B57-8394-4992-8A52-FC064A23CE4B}.Release|Any CPU.Build.0 = Release|Any CPU
		{0319F149-A0EE-46C2-9D18-0BE6F6AE0784}.Debug|Any CPU.ActiveCfg = Debug|Any CPU
		{0319F149-A0EE-46C2-9D18-0BE6F6AE0784}.Debug|Any CPU.Build.0 = Debug|Any CPU
		{0319F149-A0EE-46C2-9D18-0BE6F6AE0784}.Release|Any CPU.ActiveCfg = Release|Any CPU
		{0319F149-A0EE-46C2-9D18-0BE6F6AE0784}.Release|Any CPU.Build.0 = Release|Any CPU
		{97752A33-FA97-4A19-AC7A-5EBE4C7CC622}.Debug|Any CPU.ActiveCfg = Debug|Any CPU
		{97752A33-FA97-4A19-AC7A-5EBE4C7CC622}.Debug|Any CPU.Build.0 = Debug|Any CPU
		{97752A33-FA97-4A19-AC7A-5EBE4C7CC622}.Release|Any CPU.ActiveCfg = Release|Any CPU
		{97752A33-FA97-4A19-AC7A-5EBE4C7CC622}.Release|Any CPU.Build.0 = Release|Any CPU
		{301C48FC-8B28-4590-BE56-AF780D0676E3}.Debug|Any CPU.ActiveCfg = Debug|Any CPU
		{301C48FC-8B28-4590-BE56-AF780D0676E3}.Debug|Any CPU.Build.0 = Debug|Any CPU
		{301C48FC-8B28-4590-BE56-AF780D0676E3}.Release|Any CPU.ActiveCfg = Release|Any CPU
		{301C48FC-8B28-4590-BE56-AF780D0676E3}.Release|Any CPU.Build.0 = Release|Any CPU
		{747334F1-F35B-4625-A130-B1D4D61AE580}.Debug|Any CPU.ActiveCfg = Debug|Any CPU
		{747334F1-F35B-4625-A130-B1D4D61AE580}.Debug|Any CPU.Build.0 = Debug|Any CPU
		{747334F1-F35B-4625-A130-B1D4D61AE580}.Release|Any CPU.ActiveCfg = Release|Any CPU
		{747334F1-F35B-4625-A130-B1D4D61AE580}.Release|Any CPU.Build.0 = Release|Any CPU
		{45C18E9F-BC3E-4DE8-8D58-0E1AC655350A}.Debug|Any CPU.ActiveCfg = Debug|Any CPU
		{45C18E9F-BC3E-4DE8-8D58-0E1AC655350A}.Debug|Any CPU.Build.0 = Debug|Any CPU
		{45C18E9F-BC3E-4DE8-8D58-0E1AC655350A}.Release|Any CPU.ActiveCfg = Release|Any CPU
		{45C18E9F-BC3E-4DE8-8D58-0E1AC655350A}.Release|Any CPU.Build.0 = Release|Any CPU
		{26566590-EC0E-4362-BD1E-A81A574AD278}.Debug|Any CPU.ActiveCfg = Debug|Any CPU
		{26566590-EC0E-4362-BD1E-A81A574AD278}.Debug|Any CPU.Build.0 = Debug|Any CPU
		{26566590-EC0E-4362-BD1E-A81A574AD278}.Release|Any CPU.ActiveCfg = Release|Any CPU
		{26566590-EC0E-4362-BD1E-A81A574AD278}.Release|Any CPU.Build.0 = Release|Any CPU
		{CD5042EC-7559-46A4-AE7F-AD56D1D09F8E}.Debug|Any CPU.ActiveCfg = Debug|Any CPU
		{CD5042EC-7559-46A4-AE7F-AD56D1D09F8E}.Debug|Any CPU.Build.0 = Debug|Any CPU
		{CD5042EC-7559-46A4-AE7F-AD56D1D09F8E}.Release|Any CPU.ActiveCfg = Release|Any CPU
		{CD5042EC-7559-46A4-AE7F-AD56D1D09F8E}.Release|Any CPU.Build.0 = Release|Any CPU
		{1CC159EE-5437-4D9C-A94D-B680E8F4E9EA}.Debug|Any CPU.ActiveCfg = Debug|Any CPU
		{1CC159EE-5437-4D9C-A94D-B680E8F4E9EA}.Debug|Any CPU.Build.0 = Debug|Any CPU
		{1CC159EE-5437-4D9C-A94D-B680E8F4E9EA}.Release|Any CPU.ActiveCfg = Release|Any CPU
		{1CC159EE-5437-4D9C-A94D-B680E8F4E9EA}.Release|Any CPU.Build.0 = Release|Any CPU
		{F64A3D06-49A6-460D-8C9C-5F4DE07EB0C2}.Debug|Any CPU.ActiveCfg = Debug|Any CPU
		{F64A3D06-49A6-460D-8C9C-5F4DE07EB0C2}.Debug|Any CPU.Build.0 = Debug|Any CPU
		{F64A3D06-49A6-460D-8C9C-5F4DE07EB0C2}.Release|Any CPU.ActiveCfg = Release|Any CPU
		{F64A3D06-49A6-460D-8C9C-5F4DE07EB0C2}.Release|Any CPU.Build.0 = Release|Any CPU
		{9B2D18B2-B885-4C64-BDF3-1FA9351D8C56}.Debug|Any CPU.ActiveCfg = Debug|Any CPU
		{9B2D18B2-B885-4C64-BDF3-1FA9351D8C56}.Debug|Any CPU.Build.0 = Debug|Any CPU
		{9B2D18B2-B885-4C64-BDF3-1FA9351D8C56}.Release|Any CPU.ActiveCfg = Release|Any CPU
		{9B2D18B2-B885-4C64-BDF3-1FA9351D8C56}.Release|Any CPU.Build.0 = Release|Any CPU
		{5F668D05-6048-4F82-AC22-3305F944AAB4}.Debug|Any CPU.ActiveCfg = Debug|Any CPU
		{5F668D05-6048-4F82-AC22-3305F944AAB4}.Debug|Any CPU.Build.0 = Debug|Any CPU
		{5F668D05-6048-4F82-AC22-3305F944AAB4}.Release|Any CPU.ActiveCfg = Release|Any CPU
		{5F668D05-6048-4F82-AC22-3305F944AAB4}.Release|Any CPU.Build.0 = Release|Any CPU
		{80B5B137-F47D-4B6F-9370-0B71F8E5F664}.Debug|Any CPU.ActiveCfg = Debug|Any CPU
		{80B5B137-F47D-4B6F-9370-0B71F8E5F664}.Debug|Any CPU.Build.0 = Debug|Any CPU
		{80B5B137-F47D-4B6F-9370-0B71F8E5F664}.Release|Any CPU.ActiveCfg = Release|Any CPU
		{80B5B137-F47D-4B6F-9370-0B71F8E5F664}.Release|Any CPU.Build.0 = Release|Any CPU
		{3518CD3F-FA19-4E3B-BC1C-6C915A48084F}.Debug|Any CPU.ActiveCfg = Debug|Any CPU
		{3518CD3F-FA19-4E3B-BC1C-6C915A48084F}.Debug|Any CPU.Build.0 = Debug|Any CPU
		{3518CD3F-FA19-4E3B-BC1C-6C915A48084F}.Release|Any CPU.ActiveCfg = Release|Any CPU
		{3518CD3F-FA19-4E3B-BC1C-6C915A48084F}.Release|Any CPU.Build.0 = Release|Any CPU
		{087B2696-3EE9-4BB8-8726-AA65CD7DA435}.Debug|Any CPU.ActiveCfg = Debug|Any CPU
		{087B2696-3EE9-4BB8-8726-AA65CD7DA435}.Debug|Any CPU.Build.0 = Debug|Any CPU
		{087B2696-3EE9-4BB8-8726-AA65CD7DA435}.Release|Any CPU.ActiveCfg = Release|Any CPU
		{087B2696-3EE9-4BB8-8726-AA65CD7DA435}.Release|Any CPU.Build.0 = Release|Any CPU
		{B0C83FAA-51F1-4508-BF19-45A68816346D}.Debug|Any CPU.ActiveCfg = Debug|Any CPU
		{B0C83FAA-51F1-4508-BF19-45A68816346D}.Debug|Any CPU.Build.0 = Debug|Any CPU
		{B0C83FAA-51F1-4508-BF19-45A68816346D}.Release|Any CPU.ActiveCfg = Release|Any CPU
		{B0C83FAA-51F1-4508-BF19-45A68816346D}.Release|Any CPU.Build.0 = Release|Any CPU
		{12FBE783-1CCF-4132-BCE5-A60268D4BFE0}.Debug|Any CPU.ActiveCfg = Debug|Any CPU
		{12FBE783-1CCF-4132-BCE5-A60268D4BFE0}.Debug|Any CPU.Build.0 = Debug|Any CPU
		{12FBE783-1CCF-4132-BCE5-A60268D4BFE0}.Release|Any CPU.ActiveCfg = Release|Any CPU
		{12FBE783-1CCF-4132-BCE5-A60268D4BFE0}.Release|Any CPU.Build.0 = Release|Any CPU
	EndGlobalSection
	GlobalSection(SolutionProperties) = preSolution
		HideSolutionNode = FALSE
	EndGlobalSection
	GlobalSection(NestedProjects) = preSolution
		{3518CD3F-FA19-4E3B-BC1C-6C915A48084F} = {7077B184-A190-440B-A71B-D3907C2FA5AF}
		{087B2696-3EE9-4BB8-8726-AA65CD7DA435} = {7077B184-A190-440B-A71B-D3907C2FA5AF}
		{B0C83FAA-51F1-4508-BF19-45A68816346D} = {7077B184-A190-440B-A71B-D3907C2FA5AF}
		{12FBE783-1CCF-4132-BCE5-A60268D4BFE0} = {7077B184-A190-440B-A71B-D3907C2FA5AF}
	EndGlobalSection
	GlobalSection(ExtensibilityGlobals) = postSolution
		SolutionGuid = {91767569-F626-4F55-A563-F2EC18DCEF25}
	EndGlobalSection
EndGlobal
