
Microsoft Visual Studio Solution File, Format Version 12.00
# Visual Studio Version 16
VisualStudioVersion = 16.0.31005.135
MinimumVisualStudioVersion = 10.0.40219.1
Project("{9A19103F-16F7-4668-BE54-9A1E7A4F7556}") = "SW01", "SW01\SW01.csproj", "{043D9B15-16E3-45B1-BEE5-DEB77136D666}"
EndProject
Project("{9A19103F-16F7-4668-BE54-9A1E7A4F7556}") = "SW01.Adder", "SW01.Adder\SW01.Adder.csproj", "{87D328D3-747C-4D99-B1AF-5DF233EC4928}"
EndProject
Project("{9A19103F-16F7-4668-BE54-9A1E7A4F7556}") = "SW02.GC", "SW02.GC\SW02.GC.csproj", "{8BB71784-3DB6-4F39-9B18-00F7B1C9FFA8}"
EndProject
Project("{9A19103F-16F7-4668-BE54-9A1E7A4F7556}") = "SW03.DefaultParameterDemo", "SW03.DefaultParameterDemo\SW03.DefaultParameterDemo.csproj", "{5CA3C6BC-F118-464B-AE87-B94E460380DB}"
EndProject
Project("{9A19103F-16F7-4668-BE54-9A1E7A4F7556}") = "SW04.SysEnvDemo", "SW04.SysEnvDemo\SW04.SysEnvDemo.csproj", "{2C417CCB-735A-4718-920E-B170AEBA5A6C}"
EndProject
Project("{9A19103F-16F7-4668-BE54-9A1E7A4F7556}") = "SW06.Languages", "SW06.Languages\SW06.Languages.csproj", "{08F6CF6B-8640-4464-A1F3-FC570A0FFCEF}"
EndProject
Project("{9A19103F-16F7-4668-BE54-9A1E7A4F7556}") = "SW06.NetCoreRaspberry", "SW06.NetCoreRaspberry\SW06.NetCoreRaspberry.csproj", "{B3EF70CC-3C93-4BE3-8BB1-3B9FD8C6B852}"
EndProject
Project("{9A19103F-16F7-4668-BE54-9A1E7A4F7556}") = "SW06.LedRaspberry", "SW06.LedRaspberry\SW06.LedRaspberry.csproj", "{64CEEF9B-9EFC-4C9C-9F2A-1AC624024865}"
EndProject
Project("{9A19103F-16F7-4668-BE54-9A1E7A4F7556}") = "Utils", "Utils\Utils.csproj", "{3893BCF0-B205-4DB2-92E5-129EBFFA71CA}"
EndProject
Project("{9A19103F-16F7-4668-BE54-9A1E7A4F7556}") = "SW07.RaspberryService", "SW07.RaspberryService\SW07.RaspberryService.csproj", "{ADC3DBC0-ECED-4771-A9A9-68D2681A20F5}"
EndProject
Project("{9A19103F-16F7-4668-BE54-9A1E7A4F7556}") = "SW07.GpioDemo", "SW07.GPIO\SW07.GpioDemo.csproj", "{B8CC3B57-8394-4992-8A52-FC064A23CE4B}"
EndProject
Project("{9A19103F-16F7-4668-BE54-9A1E7A4F7556}") = "SW08.AbstractShape", "..\..\..\Users\jonas\OneDrive\HSLU\Semester4\APROG\Beispiele\SW08\SW08_AbstractShape\SW08.AbstractShape.csproj", "{0319F149-A0EE-46C2-9D18-0BE6F6AE0784}"
EndProject
Project("{FAE04EC0-301F-11D3-BF4B-00C04F79EFBC}") = "SW09.Networking", "SW09.Networking\SW09.Networking.csproj", "{97752A33-FA97-4A19-AC7A-5EBE4C7CC622}"
EndProject
Global
	GlobalSection(SolutionConfigurationPlatforms) = preSolution
		Debug|Any CPU = Debug|Any CPU
		Release|Any CPU = Release|Any CPU
	EndGlobalSection
	GlobalSection(ProjectConfigurationPlatforms) = postSolution
		{043D9B15-16E3-45B1-BEE5-DEB77136D666}.Debug|Any CPU.ActiveCfg = Debug|Any CPU
		{043D9B15-16E3-45B1-BEE5-DEB77136D666}.Debug|Any CPU.Build.0 = Debug|Any CPU
		{043D9B15-16E3-45B1-BEE5-DEB77136D666}.Release|Any CPU.ActiveCfg = Release|Any CPU
		{043D9B15-16E3-45B1-BEE5-DEB77136D666}.Release|Any CPU.Build.0 = Release|Any CPU
		{87D328D3-747C-4D99-B1AF-5DF233EC4928}.Debug|Any CPU.ActiveCfg = Debug|Any CPU
		{87D328D3-747C-4D99-B1AF-5DF233EC4928}.Debug|Any CPU.Build.0 = Debug|Any CPU
		{87D328D3-747C-4D99-B1AF-5DF233EC4928}.Release|Any CPU.ActiveCfg = Release|Any CPU
		{87D328D3-747C-4D99-B1AF-5DF233EC4928}.Release|Any CPU.Build.0 = Release|Any CPU
		{8BB71784-3DB6-4F39-9B18-00F7B1C9FFA8}.Debug|Any CPU.ActiveCfg = Debug|Any CPU
		{8BB71784-3DB6-4F39-9B18-00F7B1C9FFA8}.Debug|Any CPU.Build.0 = Debug|Any CPU
		{8BB71784-3DB6-4F39-9B18-00F7B1C9FFA8}.Release|Any CPU.ActiveCfg = Release|Any CPU
		{8BB71784-3DB6-4F39-9B18-00F7B1C9FFA8}.Release|Any CPU.Build.0 = Release|Any CPU
		{5CA3C6BC-F118-464B-AE87-B94E460380DB}.Debug|Any CPU.ActiveCfg = Debug|Any CPU
		{5CA3C6BC-F118-464B-AE87-B94E460380DB}.Debug|Any CPU.Build.0 = Debug|Any CPU
		{5CA3C6BC-F118-464B-AE87-B94E460380DB}.Release|Any CPU.ActiveCfg = Release|Any CPU
		{5CA3C6BC-F118-464B-AE87-B94E460380DB}.Release|Any CPU.Build.0 = Release|Any CPU
		{2C417CCB-735A-4718-920E-B170AEBA5A6C}.Debug|Any CPU.ActiveCfg = Debug|Any CPU
		{2C417CCB-735A-4718-920E-B170AEBA5A6C}.Debug|Any CPU.Build.0 = Debug|Any CPU
		{2C417CCB-735A-4718-920E-B170AEBA5A6C}.Release|Any CPU.ActiveCfg = Release|Any CPU
		{2C417CCB-735A-4718-920E-B170AEBA5A6C}.Release|Any CPU.Build.0 = Release|Any CPU
		{08F6CF6B-8640-4464-A1F3-FC570A0FFCEF}.Debug|Any CPU.ActiveCfg = Debug|Any CPU
		{08F6CF6B-8640-4464-A1F3-FC570A0FFCEF}.Debug|Any CPU.Build.0 = Debug|Any CPU
		{08F6CF6B-8640-4464-A1F3-FC570A0FFCEF}.Release|Any CPU.ActiveCfg = Release|Any CPU
		{08F6CF6B-8640-4464-A1F3-FC570A0FFCEF}.Release|Any CPU.Build.0 = Release|Any CPU
		{B3EF70CC-3C93-4BE3-8BB1-3B9FD8C6B852}.Debug|Any CPU.ActiveCfg = Debug|Any CPU
		{B3EF70CC-3C93-4BE3-8BB1-3B9FD8C6B852}.Debug|Any CPU.Build.0 = Debug|Any CPU
		{B3EF70CC-3C93-4BE3-8BB1-3B9FD8C6B852}.Release|Any CPU.ActiveCfg = Release|Any CPU
		{B3EF70CC-3C93-4BE3-8BB1-3B9FD8C6B852}.Release|Any CPU.Build.0 = Release|Any CPU
		{64CEEF9B-9EFC-4C9C-9F2A-1AC624024865}.Debug|Any CPU.ActiveCfg = Debug|Any CPU
		{64CEEF9B-9EFC-4C9C-9F2A-1AC624024865}.Debug|Any CPU.Build.0 = Debug|Any CPU
		{64CEEF9B-9EFC-4C9C-9F2A-1AC624024865}.Release|Any CPU.ActiveCfg = Release|Any CPU
		{64CEEF9B-9EFC-4C9C-9F2A-1AC624024865}.Release|Any CPU.Build.0 = Release|Any CPU
		{3893BCF0-B205-4DB2-92E5-129EBFFA71CA}.Debug|Any CPU.ActiveCfg = Debug|Any CPU
		{3893BCF0-B205-4DB2-92E5-129EBFFA71CA}.Debug|Any CPU.Build.0 = Debug|Any CPU
		{3893BCF0-B205-4DB2-92E5-129EBFFA71CA}.Release|Any CPU.ActiveCfg = Release|Any CPU
		{3893BCF0-B205-4DB2-92E5-129EBFFA71CA}.Release|Any CPU.Build.0 = Release|Any CPU
		{ADC3DBC0-ECED-4771-A9A9-68D2681A20F5}.Debug|Any CPU.ActiveCfg = Debug|Any CPU
		{ADC3DBC0-ECED-4771-A9A9-68D2681A20F5}.Debug|Any CPU.Build.0 = Debug|Any CPU
		{ADC3DBC0-ECED-4771-A9A9-68D2681A20F5}.Release|Any CPU.ActiveCfg = Release|Any CPU
		{ADC3DBC0-ECED-4771-A9A9-68D2681A20F5}.Release|Any CPU.Build.0 = Release|Any CPU
		{B8CC3B57-8394-4992-8A52-FC064A23CE4B}.Debug|Any CPU.ActiveCfg = Debug|Any CPU
		{B8CC3B57-8394-4992-8A52-FC064A23CE4B}.Debug|Any CPU.Build.0 = Debug|Any CPU
		{B8CC3B57-8394-4992-8A52-FC064A23CE4B}.Release|Any CPU.ActiveCfg = Release|Any CPU
		{B8CC3B57-8394-4992-8A52-FC064A23CE4B}.Release|Any CPU.Build.0 = Release|Any CPU
		{0319F149-A0EE-46C2-9D18-0BE6F6AE0784}.Debug|Any CPU.ActiveCfg = Debug|Any CPU
		{0319F149-A0EE-46C2-9D18-0BE6F6AE0784}.Debug|Any CPU.Build.0 = Debug|Any CPU
		{0319F149-A0EE-46C2-9D18-0BE6F6AE0784}.Release|Any CPU.ActiveCfg = Release|Any CPU
		{0319F149-A0EE-46C2-9D18-0BE6F6AE0784}.Release|Any CPU.Build.0 = Release|Any CPU
		{97752A33-FA97-4A19-AC7A-5EBE4C7CC622}.Debug|Any CPU.ActiveCfg = Debug|Any CPU
		{97752A33-FA97-4A19-AC7A-5EBE4C7CC622}.Debug|Any CPU.Build.0 = Debug|Any CPU
		{97752A33-FA97-4A19-AC7A-5EBE4C7CC622}.Release|Any CPU.ActiveCfg = Release|Any CPU
		{97752A33-FA97-4A19-AC7A-5EBE4C7CC622}.Release|Any CPU.Build.0 = Release|Any CPU
	EndGlobalSection
	GlobalSection(SolutionProperties) = preSolution
		HideSolutionNode = FALSE
	EndGlobalSection
	GlobalSection(ExtensibilityGlobals) = postSolution
		SolutionGuid = {91767569-F626-4F55-A563-F2EC18DCEF25}
	EndGlobalSection
EndGlobal
