
Microsoft Visual Studio Solution File, Format Version 12.00
# Visual Studio Version 16
VisualStudioVersion = 16.0.31005.135
MinimumVisualStudioVersion = 10.0.40219.1
Project("{9A19103F-16F7-4668-BE54-9A1E7A4F7556}") = "SW01", "SW01\SW01.csproj", "{043D9B15-16E3-45B1-BEE5-DEB77136D666}"
EndProject
Project("{FAE04EC0-301F-11D3-BF4B-00C04F79EFBC}") = "SW01.Adder", "SW01.Addierer\SW01.Adder.csproj", "{87D328D3-747C-4D99-B1AF-5DF233EC4928}"
EndProject
Global
	GlobalSection(SolutionConfigurationPlatforms) = preSolution
		Debug|Any CPU = Debug|Any CPU
		Release|Any CPU = Release|Any CPU
	EndGlobalSection
	GlobalSection(ProjectConfigurationPlatforms) = postSolution
		{043D9B15-16E3-45B1-BEE5-DEB77136D666}.Debug|Any CPU.ActiveCfg = Debug|Any CPU
		{043D9B15-16E3-45B1-BEE5-DEB77136D666}.Debug|Any CPU.Build.0 = Debug|Any CPU
		{043D9B15-16E3-45B1-BEE5-DEB77136D666}.Release|Any CPU.ActiveCfg = Release|Any CPU
		{043D9B15-16E3-45B1-BEE5-DEB77136D666}.Release|Any CPU.Build.0 = Release|Any CPU
		{87D328D3-747C-4D99-B1AF-5DF233EC4928}.Debug|Any CPU.ActiveCfg = Debug|Any CPU
		{87D328D3-747C-4D99-B1AF-5DF233EC4928}.Debug|Any CPU.Build.0 = Debug|Any CPU
		{87D328D3-747C-4D99-B1AF-5DF233EC4928}.Release|Any CPU.ActiveCfg = Release|Any CPU
		{87D328D3-747C-4D99-B1AF-5DF233EC4928}.Release|Any CPU.Build.0 = Release|Any CPU
	EndGlobalSection
	GlobalSection(SolutionProperties) = preSolution
		HideSolutionNode = FALSE
	EndGlobalSection
	GlobalSection(ExtensibilityGlobals) = postSolution
		SolutionGuid = {91767569-F626-4F55-A563-F2EC18DCEF25}
	EndGlobalSection
EndGlobal
